
Microsoft Visual Studio Solution File, Format Version 12.00
Project("{2150E333-8FDC-42A3-9474-1A3956D46DE8}") = "src", "src", "{A89FC9DF-8E50-4513-840F-EEF8E7A3F2F4}"
EndProject
Project("{FAE04EC0-301F-11D3-BF4B-00C04F79EFBC}") = "BlazorJSInterop.SourceGenerator", "src\BlazorJSInterop.SourceGenerator\BlazorJSInterop.SourceGenerator.csproj", "{D3322919-421C-43CE-90E2-2866055DDBA5}"
EndProject
Project("{2150E333-8FDC-42A3-9474-1A3956D46DE8}") = "tests", "tests", "{6DD5B7FD-C22E-41D0-A156-60EA586BD305}"
EndProject
Project("{FAE04EC0-301F-11D3-BF4B-00C04F79EFBC}") = "BlazorJSInterop.SourceGenerator.Test", "tests\BlazorJSInterop.SourceGenerator.Test\BlazorJSInterop.SourceGenerator.Test.csproj", "{88793080-625F-4DEC-B655-4201CF9E4B9F}"
EndProject
Global
	GlobalSection(SolutionConfigurationPlatforms) = preSolution
		Debug|Any CPU = Debug|Any CPU
		Release|Any CPU = Release|Any CPU
	EndGlobalSection
	GlobalSection(ProjectConfigurationPlatforms) = postSolution
		{D3322919-421C-43CE-90E2-2866055DDBA5}.Debug|Any CPU.ActiveCfg = Debug|Any CPU
		{D3322919-421C-43CE-90E2-2866055DDBA5}.Debug|Any CPU.Build.0 = Debug|Any CPU
		{D3322919-421C-43CE-90E2-2866055DDBA5}.Release|Any CPU.ActiveCfg = Release|Any CPU
		{D3322919-421C-43CE-90E2-2866055DDBA5}.Release|Any CPU.Build.0 = Release|Any CPU
		{88793080-625F-4DEC-B655-4201CF9E4B9F}.Debug|Any CPU.ActiveCfg = Debug|Any CPU
		{88793080-625F-4DEC-B655-4201CF9E4B9F}.Debug|Any CPU.Build.0 = Debug|Any CPU
		{88793080-625F-4DEC-B655-4201CF9E4B9F}.Release|Any CPU.ActiveCfg = Release|Any CPU
		{88793080-625F-4DEC-B655-4201CF9E4B9F}.Release|Any CPU.Build.0 = Release|Any CPU
	EndGlobalSection
	GlobalSection(NestedProjects) = preSolution
		{D3322919-421C-43CE-90E2-2866055DDBA5} = {A89FC9DF-8E50-4513-840F-EEF8E7A3F2F4}
		{88793080-625F-4DEC-B655-4201CF9E4B9F} = {6DD5B7FD-C22E-41D0-A156-60EA586BD305}
	EndGlobalSection
EndGlobal
