
Microsoft Visual Studio Solution File, Format Version 12.00
Project("{2150E333-8FDC-42A3-9474-1A3956D46DE8}") = "src", "src", "{A89FC9DF-8E50-4513-840F-EEF8E7A3F2F4}"
EndProject
Project("{FAE04EC0-301F-11D3-BF4B-00C04F79EFBC}") = "BlazorJSInterop.SourceGenerator", "src\BlazorJSInterop.SourceGenerator\BlazorJSInterop.SourceGenerator.csproj", "{D3322919-421C-43CE-90E2-2866055DDBA5}"
EndProject
Project("{2150E333-8FDC-42A3-9474-1A3956D46DE8}") = "samples", "samples", "{F593187D-81CD-47E9-9B30-0BD7D933146C}"
EndProject
Project("{FAE04EC0-301F-11D3-BF4B-00C04F79EFBC}") = "WebApplication", "samples\WebApplication\WebApplication.csproj", "{E24BB6CD-D9B9-4960-8584-9157957F363A}"
EndProject
Global
	GlobalSection(SolutionConfigurationPlatforms) = preSolution
		Debug|Any CPU = Debug|Any CPU
		Release|Any CPU = Release|Any CPU
	EndGlobalSection
	GlobalSection(ProjectConfigurationPlatforms) = postSolution
		{D3322919-421C-43CE-90E2-2866055DDBA5}.Debug|Any CPU.ActiveCfg = Debug|Any CPU
		{D3322919-421C-43CE-90E2-2866055DDBA5}.Debug|Any CPU.Build.0 = Debug|Any CPU
		{D3322919-421C-43CE-90E2-2866055DDBA5}.Release|Any CPU.ActiveCfg = Release|Any CPU
		{D3322919-421C-43CE-90E2-2866055DDBA5}.Release|Any CPU.Build.0 = Release|Any CPU
		{E24BB6CD-D9B9-4960-8584-9157957F363A}.Debug|Any CPU.ActiveCfg = Debug|Any CPU
		{E24BB6CD-D9B9-4960-8584-9157957F363A}.Debug|Any CPU.Build.0 = Debug|Any CPU
		{E24BB6CD-D9B9-4960-8584-9157957F363A}.Release|Any CPU.ActiveCfg = Release|Any CPU
		{E24BB6CD-D9B9-4960-8584-9157957F363A}.Release|Any CPU.Build.0 = Release|Any CPU
	EndGlobalSection
	GlobalSection(NestedProjects) = preSolution
		{D3322919-421C-43CE-90E2-2866055DDBA5} = {A89FC9DF-8E50-4513-840F-EEF8E7A3F2F4}
		{E24BB6CD-D9B9-4960-8584-9157957F363A} = {F593187D-81CD-47E9-9B30-0BD7D933146C}
	EndGlobalSection
EndGlobal
